Microsoft Visual Studio Solution File, Format Version 12.00
# Visual Studio Version 17
VisualStudioVersion = 17.5.2.0
MinimumVisualStudioVersion = 10.0.40219.1
Project("{FAE04EC0-301F-11D3-BF4B-00C04F79EFBC}") = "data-driven", "data-driven.csproj", "{5E66758B-7AE1-9760-5418-2CC075D28643}"
EndProject
Global
	GlobalSection(SolutionConfigurationPlatforms) = preSolution
		Debug|Any CPU = Debug|Any CPU
		Release|Any CPU = Release|Any CPU
	EndGlobalSection
	GlobalSection(ProjectConfigurationPlatforms) = postSolution
		{5E66758B-7AE1-9760-5418-2CC075D28643}.Debug|Any CPU.ActiveCfg = Debug|Any CPU
		{5E66758B-7AE1-9760-5418-2CC075D28643}.Debug|Any CPU.Build.0 = Debug|Any CPU
		{5E66758B-7AE1-9760-5418-2CC075D28643}.Release|Any CPU.ActiveCfg = Release|Any CPU
		{5E66758B-7AE1-9760-5418-2CC075D28643}.Release|Any CPU.Build.0 = Release|Any CPU
	EndGlobalSection
	GlobalSection(SolutionProperties) = preSolution
		HideSolutionNode = FALSE
	EndGlobalSection
	GlobalSection(ExtensibilityGlobals) = postSolution
		SolutionGuid = {70F503E0-BEBA-4486-B9E5-D85F83E0C68E}
	EndGlobalSection
EndGlobal
